// !$*UTF8*$!
{
	archiveVersion = 1;
	classes = {
	};
	objectVersion = 46;
	objects = {

/* Begin PBXBuildFile section */
		6A164B7C1974E74600A0FA84 /* LoginViewController.m in Sources */ = {isa = PBXBuildFile; fileRef = 6A164B7A1974E74600A0FA84 /* LoginViewController.m */; };
		6A164B7D1974E74600A0FA84 /* LoginViewController.xib in Resources */ = {isa = PBXBuildFile; fileRef = 6A164B7B1974E74600A0FA84 /* LoginViewController.xib */; };
		6A4FF13D197C9A8D00966757 /* MatchViewController.m in Sources */ = {isa = PBXBuildFile; fileRef = 6A4FF13B197C9A8D00966757 /* MatchViewController.m */; };
		6A4FF13E197C9A8D00966757 /* MatchViewController.xib in Resources */ = {isa = PBXBuildFile; fileRef = 6A4FF13C197C9A8D00966757 /* MatchViewController.xib */; };
		6A80867519735EFB0084F61D /* Foundation.framework in Frameworks */ = {isa = PBXBuildFile; fileRef = 6A80867419735EFB0084F61D /* Foundation.framework */; };
		6A80867719735EFB0084F61D /* CoreGraphics.framework in Frameworks */ = {isa = PBXBuildFile; fileRef = 6A80867619735EFB0084F61D /* CoreGraphics.framework */; };
		6A80867919735EFB0084F61D /* UIKit.framework in Frameworks */ = {isa = PBXBuildFile; fileRef = 6A80867819735EFB0084F61D /* UIKit.framework */; };
		6A80867F19735EFB0084F61D /* InfoPlist.strings in Resources */ = {isa = PBXBuildFile; fileRef = 6A80867D19735EFB0084F61D /* InfoPlist.strings */; };
		6A80868119735EFB0084F61D /* main.m in Sources */ = {isa = PBXBuildFile; fileRef = 6A80868019735EFB0084F61D /* main.m */; };
		6A80868519735EFB0084F61D /* AppDelegate.m in Sources */ = {isa = PBXBuildFile; fileRef = 6A80868419735EFB0084F61D /* AppDelegate.m */; };
		6A80868719735EFB0084F61D /* Images.xcassets in Resources */ = {isa = PBXBuildFile; fileRef = 6A80868619735EFB0084F61D /* Images.xcassets */; };
		6A80868E19735EFB0084F61D /* XCTest.framework in Frameworks */ = {isa = PBXBuildFile; fileRef = 6A80868D19735EFB0084F61D /* XCTest.framework */; };
		6A80868F19735EFB0084F61D /* Foundation.framework in Frameworks */ = {isa = PBXBuildFile; fileRef = 6A80867419735EFB0084F61D /* Foundation.framework */; };
		6A80869019735EFB0084F61D /* UIKit.framework in Frameworks */ = {isa = PBXBuildFile; fileRef = 6A80867819735EFB0084F61D /* UIKit.framework */; };
		6A80869819735EFB0084F61D /* InfoPlist.strings in Resources */ = {isa = PBXBuildFile; fileRef = 6A80869619735EFB0084F61D /* InfoPlist.strings */; };
		6A80869A19735EFB0084F61D /* collabTests.m in Sources */ = {isa = PBXBuildFile; fileRef = 6A80869919735EFB0084F61D /* collabTests.m */; };
		6A8086B0197366430084F61D /* ChatViewController.m in Sources */ = {isa = PBXBuildFile; fileRef = 6A8086AE197366430084F61D /* ChatViewController.m */; };
		6A8086B1197366430084F61D /* ChatViewController.xib in Resources */ = {isa = PBXBuildFile; fileRef = 6A8086AF197366430084F61D /* ChatViewController.xib */; };
		6A8086B51973664D0084F61D /* TabViewController.m in Sources */ = {isa = PBXBuildFile; fileRef = 6A8086B31973664D0084F61D /* TabViewController.m */; };
		6A8086B61973664D0084F61D /* TabViewController.xib in Resources */ = {isa = PBXBuildFile; fileRef = 6A8086B41973664D0084F61D /* TabViewController.xib */; };
		6A8086BD197366670084F61D /* DiscoverViewController.m in Sources */ = {isa = PBXBuildFile; fileRef = 6A8086BB197366670084F61D /* DiscoverViewController.m */; };
		6A8086BE197366670084F61D /* DiscoverViewController.xib in Resources */ = {isa = PBXBuildFile; fileRef = 6A8086BC197366670084F61D /* DiscoverViewController.xib */; };
		6A8086C7197366990084F61D /* ProfileViewController.m in Sources */ = {isa = PBXBuildFile; fileRef = 6A8086C5197366990084F61D /* ProfileViewController.m */; };
		6A8086C8197366990084F61D /* ProfileViewController.xib in Resources */ = {isa = PBXBuildFile; fileRef = 6A8086C6197366990084F61D /* ProfileViewController.xib */; };
		6A8086CC1974D7D00084F61D /* ChatGraceViewController.m in Sources */ = {isa = PBXBuildFile; fileRef = 6A8086CA1974D7D00084F61D /* ChatGraceViewController.m */; };
		6A8086CD1974D7D00084F61D /* ChatGraceViewController.xib in Resources */ = {isa = PBXBuildFile; fileRef = 6A8086CB1974D7D00084F61D /* ChatGraceViewController.xib */; };
		6A93B08B1979D6D400DADC59 /* MemberViewController.m in Sources */ = {isa = PBXBuildFile; fileRef = 6A93B0891979D6D400DADC59 /* MemberViewController.m */; };
		6A93B08C1979D6D400DADC59 /* MemberViewController.xib in Resources */ = {isa = PBXBuildFile; fileRef = 6A93B08A1979D6D400DADC59 /* MemberViewController.xib */; };
		6A93B090197A081700DADC59 /* VideoViewController.m in Sources */ = {isa = PBXBuildFile; fileRef = 6A93B08E197A081700DADC59 /* VideoViewController.m */; };
		6A93B091197A081700DADC59 /* VideoViewController.xib in Resources */ = {isa = PBXBuildFile; fileRef = 6A93B08F197A081700DADC59 /* VideoViewController.xib */; };
/* End PBXBuildFile section */

/* Begin PBXContainerItemProxy section */
		6A80869119735EFB0084F61D /* PBXContainerItemProxy */ = {
			isa = PBXContainerItemProxy;
			containerPortal = 6A80866919735EFB0084F61D /* Project object */;
			proxyType = 1;
			remoteGlobalIDString = 6A80867019735EFB0084F61D;
			remoteInfo = collab;
		};
/* End PBXContainerItemProxy section */

/* Begin PBXFileReference section */
		6A164B791974E74600A0FA84 /* LoginViewController.h */ = {isa = PBXFileReference; fileEncoding = 4; lastKnownFileType = sourcecode.c.h; path = LoginViewController.h; sourceTree = "<group>"; };
		6A164B7A1974E74600A0FA84 /* LoginViewController.m */ = {isa = PBXFileReference; fileEncoding = 4; lastKnownFileType = sourcecode.c.objc; path = LoginViewController.m; sourceTree = "<group>"; };
		6A164B7B1974E74600A0FA84 /* LoginViewController.xib */ = {isa = PBXFileReference; fileEncoding = 4; lastKnownFileType = file.xib; path = LoginViewController.xib; sourceTree = "<group>"; };
		6A4FF13A197C9A8D00966757 /* MatchViewController.h */ = {isa = PBXFileReference; fileEncoding = 4; lastKnownFileType = sourcecode.c.h; path = MatchViewController.h; sourceTree = "<group>"; };
		6A4FF13B197C9A8D00966757 /* MatchViewController.m */ = {isa = PBXFileReference; fileEncoding = 4; lastKnownFileType = sourcecode.c.objc; path = MatchViewController.m; sourceTree = "<group>"; };
		6A4FF13C197C9A8D00966757 /* MatchViewController.xib */ = {isa = PBXFileReference; fileEncoding = 4; lastKnownFileType = file.xib; path = MatchViewController.xib; sourceTree = "<group>"; };
		6A80867119735EFB0084F61D /* collab.app */ = {isa = PBXFileReference; explicitFileType = wrapper.application; includeInIndex = 0; path = collab.app; sourceTree = BUILT_PRODUCTS_DIR; };
		6A80867419735EFB0084F61D /* Foundation.framework */ = {isa = PBXFileReference; lastKnownFileType = wrapper.framework; name = Foundation.framework; path = System/Library/Frameworks/Foundation.framework; sourceTree = SDKROOT; };
		6A80867619735EFB0084F61D /* CoreGraphics.framework */ = {isa = PBXFileReference; lastKnownFileType = wrapper.framework; name = CoreGraphics.framework; path = System/Library/Frameworks/CoreGraphics.framework; sourceTree = SDKROOT; };
		6A80867819735EFB0084F61D /* UIKit.framework */ = {isa = PBXFileReference; lastKnownFileType = wrapper.framework; name = UIKit.framework; path = System/Library/Frameworks/UIKit.framework; sourceTree = SDKROOT; };
		6A80867C19735EFB0084F61D /* collab-Info.plist */ = {isa = PBXFileReference; lastKnownFileType = text.plist.xml; path = "collab-Info.plist"; sourceTree = "<group>"; };
		6A80867E19735EFB0084F61D /* en */ = {isa = PBXFileReference; lastKnownFileType = text.plist.strings; name = en; path = en.lproj/InfoPlist.strings; sourceTree = "<group>"; };
		6A80868019735EFB0084F61D /* main.m */ = {isa = PBXFileReference; lastKnownFileType = sourcecode.c.objc; path = main.m; sourceTree = "<group>"; };
		6A80868219735EFB0084F61D /* collab-Prefix.pch */ = {isa = PBXFileReference; lastKnownFileType = sourcecode.c.h; path = "collab-Prefix.pch"; sourceTree = "<group>"; };
		6A80868319735EFB0084F61D /* AppDelegate.h */ = {isa = PBXFileReference; lastKnownFileType = sourcecode.c.h; path = AppDelegate.h; sourceTree = "<group>"; };
		6A80868419735EFB0084F61D /* AppDelegate.m */ = {isa = PBXFileReference; lastKnownFileType = sourcecode.c.objc; path = AppDelegate.m; sourceTree = "<group>"; };
		6A80868619735EFB0084F61D /* Images.xcassets */ = {isa = PBXFileReference; lastKnownFileType = folder.assetcatalog; path = Images.xcassets; sourceTree = "<group>"; };
		6A80868C19735EFB0084F61D /* collabTests.xctest */ = {isa = PBXFileReference; explicitFileType = wrapper.cfbundle; includeInIndex = 0; path = collabTests.xctest; sourceTree = BUILT_PRODUCTS_DIR; };
		6A80868D19735EFB0084F61D /* XCTest.framework */ = {isa = PBXFileReference; lastKnownFileType = wrapper.framework; name = XCTest.framework; path = Library/Frameworks/XCTest.framework; sourceTree = DEVELOPER_DIR; };
		6A80869519735EFB0084F61D /* collabTests-Info.plist */ = {isa = PBXFileReference; lastKnownFileType = text.plist.xml; path = "collabTests-Info.plist"; sourceTree = "<group>"; };
		6A80869719735EFB0084F61D /* en */ = {isa = PBXFileReference; lastKnownFileType = text.plist.strings; name = en; path = en.lproj/InfoPlist.strings; sourceTree = "<group>"; };
		6A80869919735EFB0084F61D /* collabTests.m */ = {isa = PBXFileReference; lastKnownFileType = sourcecode.c.objc; path = collabTests.m; sourceTree = "<group>"; };
		6A8086AD197366430084F61D /* ChatViewController.h */ = {isa = PBXFileReference; fileEncoding = 4; lastKnownFileType = sourcecode.c.h; path = ChatViewController.h; sourceTree = "<group>"; };
		6A8086AE197366430084F61D /* ChatViewController.m */ = {isa = PBXFileReference; fileEncoding = 4; lastKnownFileType = sourcecode.c.objc; path = ChatViewController.m; sourceTree = "<group>"; };
		6A8086AF197366430084F61D /* ChatViewController.xib */ = {isa = PBXFileReference; fileEncoding = 4; lastKnownFileType = file.xib; path = ChatViewController.xib; sourceTree = "<group>"; };
		6A8086B21973664D0084F61D /* TabViewController.h */ = {isa = PBXFileReference; fileEncoding = 4; lastKnownFileType = sourcecode.c.h; path = TabViewController.h; sourceTree = "<group>"; };
		6A8086B31973664D0084F61D /* TabViewController.m */ = {isa = PBXFileReference; fileEncoding = 4; lastKnownFileType = sourcecode.c.objc; path = TabViewController.m; sourceTree = "<group>"; };
		6A8086B41973664D0084F61D /* TabViewController.xib */ = {isa = PBXFileReference; fileEncoding = 4; lastKnownFileType = file.xib; path = TabViewController.xib; sourceTree = "<group>"; };
		6A8086BA197366670084F61D /* DiscoverViewController.h */ = {isa = PBXFileReference; fileEncoding = 4; lastKnownFileType = sourcecode.c.h; path = DiscoverViewController.h; sourceTree = "<group>"; };
		6A8086BB197366670084F61D /* DiscoverViewController.m */ = {isa = PBXFileReference; fileEncoding = 4; lastKnownFileType = sourcecode.c.objc; path = DiscoverViewController.m; sourceTree = "<group>"; };
		6A8086BC197366670084F61D /* DiscoverViewController.xib */ = {isa = PBXFileReference; fileEncoding = 4; lastKnownFileType = file.xib; path = DiscoverViewController.xib; sourceTree = "<group>"; };
		6A8086C4197366990084F61D /* ProfileViewController.h */ = {isa = PBXFileReference; fileEncoding = 4; lastKnownFileType = sourcecode.c.h; path = ProfileViewController.h; sourceTree = "<group>"; };
		6A8086C5197366990084F61D /* ProfileViewController.m */ = {isa = PBXFileReference; fileEncoding = 4; lastKnownFileType = sourcecode.c.objc; path = ProfileViewController.m; sourceTree = "<group>"; };
		6A8086C6197366990084F61D /* ProfileViewController.xib */ = {isa = PBXFileReference; fileEncoding = 4; lastKnownFileType = file.xib; path = ProfileViewController.xib; sourceTree = "<group>"; };
		6A8086C91974D7D00084F61D /* ChatGraceViewController.h */ = {isa = PBXFileReference; fileEncoding = 4; lastKnownFileType = sourcecode.c.h; path = ChatGraceViewController.h; sourceTree = "<group>"; };
		6A8086CA1974D7D00084F61D /* ChatGraceViewController.m */ = {isa = PBXFileReference; fileEncoding = 4; lastKnownFileType = sourcecode.c.objc; path = ChatGraceViewController.m; sourceTree = "<group>"; };
		6A8086CB1974D7D00084F61D /* ChatGraceViewController.xib */ = {isa = PBXFileReference; fileEncoding = 4; lastKnownFileType = file.xib; path = ChatGraceViewController.xib; sourceTree = "<group>"; };
		6A93B0881979D6D400DADC59 /* MemberViewController.h */ = {isa = PBXFileReference; fileEncoding = 4; lastKnownFileType = sourcecode.c.h; path = MemberViewController.h; sourceTree = "<group>"; };
		6A93B0891979D6D400DADC59 /* MemberViewController.m */ = {isa = PBXFileReference; fileEncoding = 4; lastKnownFileType = sourcecode.c.objc; path = MemberViewController.m; sourceTree = "<group>"; };
		6A93B08A1979D6D400DADC59 /* MemberViewController.xib */ = {isa = PBXFileReference; fileEncoding = 4; lastKnownFileType = file.xib; path = MemberViewController.xib; sourceTree = "<group>"; };
		6A93B08D197A081700DADC59 /* VideoViewController.h */ = {isa = PBXFileReference; fileEncoding = 4; lastKnownFileType = sourcecode.c.h; path = VideoViewController.h; sourceTree = "<group>"; };
		6A93B08E197A081700DADC59 /* VideoViewController.m */ = {isa = PBXFileReference; fileEncoding = 4; lastKnownFileType = sourcecode.c.objc; path = VideoViewController.m; sourceTree = "<group>"; };
		6A93B08F197A081700DADC59 /* VideoViewController.xib */ = {isa = PBXFileReference; fileEncoding = 4; lastKnownFileType = file.xib; path = VideoViewController.xib; sourceTree = "<group>"; };
/* End PBXFileReference section */

/* Begin PBXFrameworksBuildPhase section */
		6A80866E19735EFB0084F61D /* Frameworks */ = {
			isa = PBXFrameworksBuildPhase;
			buildActionMask = 2147483647;
			files = (
				6A80867719735EFB0084F61D /* CoreGraphics.framework in Frameworks */,
				6A80867919735EFB0084F61D /* UIKit.framework in Frameworks */,
				6A80867519735EFB0084F61D /* Foundation.framework in Frameworks */,
			);
			runOnlyForDeploymentPostprocessing = 0;
		};
		6A80868919735EFB0084F61D /* Frameworks */ = {
			isa = PBXFrameworksBuildPhase;
			buildActionMask = 2147483647;
			files = (
				6A80868E19735EFB0084F61D /* XCTest.framework in Frameworks */,
				6A80869019735EFB0084F61D /* UIKit.framework in Frameworks */,
				6A80868F19735EFB0084F61D /* Foundation.framework in Frameworks */,
			);
			runOnlyForDeploymentPostprocessing = 0;
		};
/* End PBXFrameworksBuildPhase section */

/* Begin PBXGroup section */
		6A80866819735EFB0084F61D = {
			isa = PBXGroup;
			children = (
				6A80867A19735EFB0084F61D /* collab */,
				6A80869319735EFB0084F61D /* collabTests */,
				6A80867319735EFB0084F61D /* Frameworks */,
				6A80867219735EFB0084F61D /* Products */,
			);
			sourceTree = "<group>";
		};
		6A80867219735EFB0084F61D /* Products */ = {
			isa = PBXGroup;
			children = (
				6A80867119735EFB0084F61D /* collab.app */,
				6A80868C19735EFB0084F61D /* collabTests.xctest */,
			);
			name = Products;
			sourceTree = "<group>";
		};
		6A80867319735EFB0084F61D /* Frameworks */ = {
			isa = PBXGroup;
			children = (
				6A80867419735EFB0084F61D /* Foundation.framework */,
				6A80867619735EFB0084F61D /* CoreGraphics.framework */,
				6A80867819735EFB0084F61D /* UIKit.framework */,
				6A80868D19735EFB0084F61D /* XCTest.framework */,
			);
			name = Frameworks;
			sourceTree = "<group>";
		};
		6A80867A19735EFB0084F61D /* collab */ = {
			isa = PBXGroup;
			children = (
				6A8086C4197366990084F61D /* ProfileViewController.h */,
				6A8086C5197366990084F61D /* ProfileViewController.m */,
				6A8086C6197366990084F61D /* ProfileViewController.xib */,
				6A8086BA197366670084F61D /* DiscoverViewController.h */,
				6A8086BB197366670084F61D /* DiscoverViewController.m */,
				6A8086BC197366670084F61D /* DiscoverViewController.xib */,
				6A4FF13A197C9A8D00966757 /* MatchViewController.h */,
				6A4FF13B197C9A8D00966757 /* MatchViewController.m */,
				6A4FF13C197C9A8D00966757 /* MatchViewController.xib */,
				6A93B0881979D6D400DADC59 /* MemberViewController.h */,
				6A93B0891979D6D400DADC59 /* MemberViewController.m */,
				6A93B08A1979D6D400DADC59 /* MemberViewController.xib */,
				6A93B08D197A081700DADC59 /* VideoViewController.h */,
				6A93B08E197A081700DADC59 /* VideoViewController.m */,
				6A93B08F197A081700DADC59 /* VideoViewController.xib */,
				6A80868319735EFB0084F61D /* AppDelegate.h */,
				6A80868419735EFB0084F61D /* AppDelegate.m */,
				6A8086AD197366430084F61D /* ChatViewController.h */,
				6A8086AE197366430084F61D /* ChatViewController.m */,
				6A8086AF197366430084F61D /* ChatViewController.xib */,
				6A164B791974E74600A0FA84 /* LoginViewController.h */,
				6A164B7A1974E74600A0FA84 /* LoginViewController.m */,
				6A164B7B1974E74600A0FA84 /* LoginViewController.xib */,
				6A8086C91974D7D00084F61D /* ChatGraceViewController.h */,
				6A8086CA1974D7D00084F61D /* ChatGraceViewController.m */,
				6A8086CB1974D7D00084F61D /* ChatGraceViewController.xib */,
				6A8086B21973664D0084F61D /* TabViewController.h */,
				6A8086B31973664D0084F61D /* TabViewController.m */,
				6A8086B41973664D0084F61D /* TabViewController.xib */,
				6A80868619735EFB0084F61D /* Images.xcassets */,
				6A80867B19735EFB0084F61D /* Supporting Files */,
			);
			path = collab;
			sourceTree = "<group>";
		};
		6A80867B19735EFB0084F61D /* Supporting Files */ = {
			isa = PBXGroup;
			children = (
				6A80867C19735EFB0084F61D /* collab-Info.plist */,
				6A80867D19735EFB0084F61D /* InfoPlist.strings */,
				6A80868019735EFB0084F61D /* main.m */,
				6A80868219735EFB0084F61D /* collab-Prefix.pch */,
			);
			name = "Supporting Files";
			sourceTree = "<group>";
		};
		6A80869319735EFB0084F61D /* collabTests */ = {
			isa = PBXGroup;
			children = (
				6A80869919735EFB0084F61D /* collabTests.m */,
				6A80869419735EFB0084F61D /* Supporting Files */,
			);
			path = collabTests;
			sourceTree = "<group>";
		};
		6A80869419735EFB0084F61D /* Supporting Files */ = {
			isa = PBXGroup;
			children = (
				6A80869519735EFB0084F61D /* collabTests-Info.plist */,
				6A80869619735EFB0084F61D /* InfoPlist.strings */,
			);
			name = "Supporting Files";
			sourceTree = "<group>";
		};
/* End PBXGroup section */

/* Begin PBXNativeTarget section */
		6A80867019735EFB0084F61D /* collab */ = {
			isa = PBXNativeTarget;
			buildConfigurationList = 6A80869D19735EFB0084F61D /* Build configuration list for PBXNativeTarget "collab" */;
			buildPhases = (
				6A80866D19735EFB0084F61D /* Sources */,
				6A80866E19735EFB0084F61D /* Frameworks */,
				6A80866F19735EFB0084F61D /* Resources */,
			);
			buildRules = (
			);
			dependencies = (
			);
			name = collab;
			productName = collab;
			productReference = 6A80867119735EFB0084F61D /* collab.app */;
			productType = "com.apple.product-type.application";
		};
		6A80868B19735EFB0084F61D /* collabTests */ = {
			isa = PBXNativeTarget;
			buildConfigurationList = 6A8086A019735EFB0084F61D /* Build configuration list for PBXNativeTarget "collabTests" */;
			buildPhases = (
				6A80868819735EFB0084F61D /* Sources */,
				6A80868919735EFB0084F61D /* Frameworks */,
				6A80868A19735EFB0084F61D /* Resources */,
			);
			buildRules = (
			);
			dependencies = (
				6A80869219735EFB0084F61D /* PBXTargetDependency */,
			);
			name = collabTests;
			productName = collabTests;
			productReference = 6A80868C19735EFB0084F61D /* collabTests.xctest */;
			productType = "com.apple.product-type.bundle.unit-test";
		};
/* End PBXNativeTarget section */

/* Begin PBXProject section */
		6A80866919735EFB0084F61D /* Project object */ = {
			isa = PBXProject;
			attributes = {
				LastUpgradeCheck = 0510;
				ORGANIZATIONNAME = google;
				TargetAttributes = {
					6A80868B19735EFB0084F61D = {
						TestTargetID = 6A80867019735EFB0084F61D;
					};
				};
			};
			buildConfigurationList = 6A80866C19735EFB0084F61D /* Build configuration list for PBXProject "collab" */;
			compatibilityVersion = "Xcode 3.2";
			developmentRegion = English;
			hasScannedForEncodings = 0;
			knownRegions = (
				en,
			);
			mainGroup = 6A80866819735EFB0084F61D;
			productRefGroup = 6A80867219735EFB0084F61D /* Products */;
			projectDirPath = "";
			projectRoot = "";
			targets = (
				6A80867019735EFB0084F61D /* collab */,
				6A80868B19735EFB0084F61D /* collabTests */,
			);
		};
/* End PBXProject section */

/* Begin PBXResourcesBuildPhase section */
		6A80866F19735EFB0084F61D /* Resources */ = {
			isa = PBXResourcesBuildPhase;
			buildActionMask = 2147483647;
			files = (
				6A164B7D1974E74600A0FA84 /* LoginViewController.xib in Resources */,
				6A8086C8197366990084F61D /* ProfileViewController.xib in Resources */,
				6A8086CD1974D7D00084F61D /* ChatGraceViewController.xib in Resources */,
				6A80867F19735EFB0084F61D /* InfoPlist.strings in Resources */,
				6A8086B1197366430084F61D /* ChatViewController.xib in Resources */,
				6A8086B61973664D0084F61D /* TabViewController.xib in Resources */,
				6A93B08C1979D6D400DADC59 /* MemberViewController.xib in Resources */,
				6A80868719735EFB0084F61D /* Images.xcassets in Resources */,
				6A4FF13E197C9A8D00966757 /* MatchViewController.xib in Resources */,
				6A93B091197A081700DADC59 /* VideoViewController.xib in Resources */,
				6A8086BE197366670084F61D /* DiscoverViewController.xib in Resources */,
			);
			runOnlyForDeploymentPostprocessing = 0;
		};
		6A80868A19735EFB0084F61D /* Resources */ = {
			isa = PBXResourcesBuildPhase;
			buildActionMask = 2147483647;
			files = (
				6A80869819735EFB0084F61D /* InfoPlist.strings in Resources */,
			);
			runOnlyForDeploymentPostprocessing = 0;
		};
/* End PBXResourcesBuildPhase section */

/* Begin PBXSourcesBuildPhase section */
		6A80866D19735EFB0084F61D /* Sources */ = {
			isa = PBXSourcesBuildPhase;
			buildActionMask = 2147483647;
			files = (
				6A93B090197A081700DADC59 /* VideoViewController.m in Sources */,
				6A164B7C1974E74600A0FA84 /* LoginViewController.m in Sources */,
				6A4FF13D197C9A8D00966757 /* MatchViewController.m in Sources */,
				6A8086BD197366670084F61D /* DiscoverViewController.m in Sources */,
				6A80868519735EFB0084F61D /* AppDelegate.m in Sources */,
				6A8086CC1974D7D00084F61D /* ChatGraceViewController.m in Sources */,
				6A8086B0197366430084F61D /* ChatViewController.m in Sources */,
				6A80868119735EFB0084F61D /* main.m in Sources */,
				6A8086C7197366990084F61D /* ProfileViewController.m in Sources */,
				6A93B08B1979D6D400DADC59 /* MemberViewController.m in Sources */,
				6A8086B51973664D0084F61D /* TabViewController.m in Sources */,
			);
			runOnlyForDeploymentPostprocessing = 0;
		};
		6A80868819735EFB0084F61D /* Sources */ = {
			isa = PBXSourcesBuildPhase;
			buildActionMask = 2147483647;
			files = (
				6A80869A19735EFB0084F61D /* collabTests.m in Sources */,
			);
			runOnlyForDeploymentPostprocessing = 0;
		};
/* End PBXSourcesBuildPhase section */

/* Begin PBXTargetDependency section */
		6A80869219735EFB0084F61D /* PBXTargetDependency */ = {
			isa = PBXTargetDependency;
			target = 6A80867019735EFB0084F61D /* collab */;
			targetProxy = 6A80869119735EFB0084F61D /* PBXContainerItemProxy */;
		};
/* End PBXTargetDependency section */

/* Begin PBXVariantGroup section */
		6A80867D19735EFB0084F61D /* InfoPlist.strings */ = {
			isa = PBXVariantGroup;
			children = (
				6A80867E19735EFB0084F61D /* en */,
			);
			name = InfoPlist.strings;
			sourceTree = "<group>";
		};
		6A80869619735EFB0084F61D /* InfoPlist.strings */ = {
			isa = PBXVariantGroup;
			children = (
				6A80869719735EFB0084F61D /* en */,
			);
			name = InfoPlist.strings;
			sourceTree = "<group>";
		};
/* End PBXVariantGroup section */

/* Begin XCBuildConfiguration section */
		6A80869B19735EFB0084F61D /* Debug */ = {
			isa = XCBuildConfiguration;
			buildSettings = {
				ALWAYS_SEARCH_USER_PATHS = NO;
				CLANG_CXX_LANGUAGE_STANDARD = "gnu++0x";
				CLANG_CXX_LIBRARY = "libc++";
				CLANG_ENABLE_MODULES = YES;
				CLANG_ENABLE_OBJC_ARC = YES;
				CLANG_WARN_BOOL_CONVERSION = YES;
				CLANG_WARN_CONSTANT_CONVERSION = YES;
				CLANG_WARN_DIRECT_OBJC_ISA_USAGE = YES_ERROR;
				CLANG_WARN_EMPTY_BODY = YES;
				CLANG_WARN_ENUM_CONVERSION = YES;
				CLANG_WARN_INT_CONVERSION = YES;
				CLANG_WARN_OBJC_ROOT_CLASS = YES_ERROR;
				CLANG_WARN__DUPLICATE_METHOD_MATCH = YES;
				"CODE_SIGN_IDENTITY[sdk=iphoneos*]" = "iPhone Developer";
				COPY_PHASE_STRIP = NO;
				GCC_C_LANGUAGE_STANDARD = gnu99;
				GCC_DYNAMIC_NO_PIC = NO;
				GCC_OPTIMIZATION_LEVEL = 0;
				GCC_PREPROCESSOR_DEFINITIONS = (
					"DEBUG=1",
					"$(inherited)",
				);
				GCC_SYMBOLS_PRIVATE_EXTERN = NO;
				GCC_WARN_64_TO_32_BIT_CONVERSION = YES;
				GCC_WARN_ABOUT_RETURN_TYPE = YES_ERROR;
				GCC_WARN_UNDECLARED_SELECTOR = YES;
				GCC_WARN_UNINITIALIZED_AUTOS = YES_AGGRESSIVE;
				GCC_WARN_UNUSED_FUNCTION = YES;
				GCC_WARN_UNUSED_VARIABLE = YES;
				IPHONEOS_DEPLOYMENT_TARGET = 7.1;
				ONLY_ACTIVE_ARCH = YES;
				SDKROOT = iphoneos;
			};
			name = Debug;
		};
		6A80869C19735EFB0084F61D /* Release */ = {
			isa = XCBuildConfiguration;
			buildSettings = {
				ALWAYS_SEARCH_USER_PATHS = NO;
				CLANG_CXX_LANGUAGE_STANDARD = "gnu++0x";
				CLANG_CXX_LIBRARY = "libc++";
				CLANG_ENABLE_MODULES = YES;
				CLANG_ENABLE_OBJC_ARC = YES;
				CLANG_WARN_BOOL_CONVERSION = YES;
				CLANG_WARN_CONSTANT_CONVERSION = YES;
				CLANG_WARN_DIRECT_OBJC_ISA_USAGE = YES_ERROR;
				CLANG_WARN_EMPTY_BODY = YES;
				CLANG_WARN_ENUM_CONVERSION = YES;
				CLANG_WARN_INT_CONVERSION = YES;
				CLANG_WARN_OBJC_ROOT_CLASS = YES_ERROR;
				CLANG_WARN__DUPLICATE_METHOD_MATCH = YES;
				"CODE_SIGN_IDENTITY[sdk=iphoneos*]" = "iPhone Developer";
				COPY_PHASE_STRIP = YES;
				ENABLE_NS_ASSERTIONS = NO;
				GCC_C_LANGUAGE_STANDARD = gnu99;
				GCC_WARN_64_TO_32_BIT_CONVERSION = YES;
				GCC_WARN_ABOUT_RETURN_TYPE = YES_ERROR;
				GCC_WARN_UNDECLARED_SELECTOR = YES;
				GCC_WARN_UNINITIALIZED_AUTOS = YES_AGGRESSIVE;
				GCC_WARN_UNUSED_FUNCTION = YES;
				GCC_WARN_UNUSED_VARIABLE = YES;
				IPHONEOS_DEPLOYMENT_TARGET = 7.1;
				SDKROOT = iphoneos;
				VALIDATE_PRODUCT = YES;
			};
			name = Release;
		};
		6A80869E19735EFB0084F61D /* Debug */ = {
			isa = XCBuildConfiguration;
			buildSettings = {
				ASSETCATALOG_COMPILER_APPICON_NAME = AppIcon;
				ASSETCATALOG_COMPILER_LAUNCHIMAGE_NAME = LaunchImage;
				GCC_PRECOMPILE_PREFIX_HEADER = YES;
				GCC_PREFIX_HEADER = "collab/collab-Prefix.pch";
				INFOPLIST_FILE = "collab/collab-Info.plist";
				PRODUCT_NAME = "$(TARGET_NAME)";
				WRAPPER_EXTENSION = app;
			};
			name = Debug;
		};
		6A80869F19735EFB0084F61D /* Release */ = {
			isa = XCBuildConfiguration;
			buildSettings = {
				ASSETCATALOG_COMPILER_APPICON_NAME = AppIcon;
				ASSETCATALOG_COMPILER_LAUNCHIMAGE_NAME = LaunchImage;
				GCC_PRECOMPILE_PREFIX_HEADER = YES;
				GCC_PREFIX_HEADER = "collab/collab-Prefix.pch";
				INFOPLIST_FILE = "collab/collab-Info.plist";
				PRODUCT_NAME = "$(TARGET_NAME)";
				WRAPPER_EXTENSION = app;
			};
			name = Release;
		};
		6A8086A119735EFB0084F61D /* Debug */ = {
			isa = XCBuildConfiguration;
			buildSettings = {
				BUNDLE_LOADER = "$(BUILT_PRODUCTS_DIR)/collab.app/collab";
				FRAMEWORK_SEARCH_PATHS = (
					"$(SDKROOT)/Developer/Library/Frameworks",
					"$(inherited)",
					"$(DEVELOPER_FRAMEWORKS_DIR)",
				);
				GCC_PRECOMPILE_PREFIX_HEADER = YES;
				GCC_PREFIX_HEADER = "collab/collab-Prefix.pch";
				GCC_PREPROCESSOR_DEFINITIONS = (
					"DEBUG=1",
					"$(inherited)",
				);
				INFOPLIST_FILE = "collabTests/collabTests-Info.plist";
				PRODUCT_NAME = "$(TARGET_NAME)";
				TEST_HOST = "$(BUNDLE_LOADER)";
				WRAPPER_EXTENSION = xctest;
			};
			name = Debug;
		};
		6A8086A219735EFB0084F61D /* Release */ = {
			isa = XCBuildConfiguration;
			buildSettings = {
				BUNDLE_LOADER = "$(BUILT_PRODUCTS_DIR)/collab.app/collab";
				FRAMEWORK_SEARCH_PATHS = (
					"$(SDKROOT)/Developer/Library/Frameworks",
					"$(inherited)",
					"$(DEVELOPER_FRAMEWORKS_DIR)",
				);
				GCC_PRECOMPILE_PREFIX_HEADER = YES;
				GCC_PREFIX_HEADER = "collab/collab-Prefix.pch";
				INFOPLIST_FILE = "collabTests/collabTests-Info.plist";
				PRODUCT_NAME = "$(TARGET_NAME)";
				TEST_HOST = "$(BUNDLE_LOADER)";
				WRAPPER_EXTENSION = xctest;
			};
			name = Release;
		};
/* End XCBuildConfiguration section */

/* Begin XCConfigurationList section */
		6A80866C19735EFB0084F61D /* Build configuration list for PBXProject "collab" */ = {
			isa = XCConfigurationList;
			buildConfigurations = (
				6A80869B19735EFB0084F61D /* Debug */,
				6A80869C19735EFB0084F61D /* Release */,
			);
			defaultConfigurationIsVisible = 0;
			defaultConfigurationName = Release;
		};
		6A80869D19735EFB0084F61D /* Build configuration list for PBXNativeTarget "collab" */ = {
			isa = XCConfigurationList;
			buildConfigurations = (
				6A80869E19735EFB0084F61D /* Debug */,
				6A80869F19735EFB0084F61D /* Release */,
			);
			defaultConfigurationIsVisible = 0;
			defaultConfigurationName = Release;
		};
		6A8086A019735EFB0084F61D /* Build configuration list for PBXNativeTarget "collabTests" */ = {
			isa = XCConfigurationList;
			buildConfigurations = (
				6A8086A119735EFB0084F61D /* Debug */,
				6A8086A219735EFB0084F61D /* Release */,
			);
			defaultConfigurationIsVisible = 0;
			defaultConfigurationName = Release;
		};
/* End XCConfigurationList section */
	};
	rootObject = 6A80866919735EFB0084F61D /* Project object */;
}
